PODS:
  - FontAwesome.swift (0.11.1)
  - MSSTabbedPageViewController (0.3.8)

DEPENDENCIES:
  - FontAwesome.swift (from `https://github.com/thii/FontAwesome.swift.git`)
  - MSSTabbedPageViewController

EXTERNAL SOURCES:
  FontAwesome.swift:
    :git: https://github.com/thii/FontAwesome.swift.git

CHECKOUT OPTIONS:
  FontAwesome.swift:
    :commit: b03d71746f277690d1ff7df0c539641c4ba57d4d
    :git: https://github.com/thii/FontAwesome.swift.git

SPEC CHECKSUMS:
  FontAwesome.swift: 9879cd6a1462bf160662d519f7b7474d73bdd1c3
  MSSTabbedPageViewController: 6faa13b9ef0086f04f602ccafc631d4303ba1168

PODFILE CHECKSUM: 3da311d011395ce16b41ae4a03fa5f867c140b42

COCOAPODS: 1.1.1
